
Microsoft Visual Studio Solution File, Format Version 12.00
# Visual Studio Version 17
VisualStudioVersion = 17.7.34009.444
MinimumVisualStudioVersion = 10.0.40219.1
Project("{FAE04EC0-301F-11D3-BF4B-00C04F79EFBC}") = "gitAssignment", "gitAssignment\gitAssignment.csproj", "{0DEC12A7-DA25-4ADE-AC7C-112670136DC7}"
EndProject
Global
	GlobalSection(SolutionConfigurationPlatforms) = preSolution
		Debug|Any CPU = Debug|Any CPU
		Release|Any CPU = Release|Any CPU
	EndGlobalSection
	GlobalSection(ProjectConfigurationPlatforms) = postSolution
		{0DEC12A7-DA25-4ADE-AC7C-112670136DC7}.Debug|Any CPU.ActiveCfg = Debug|Any CPU
		{0DEC12A7-DA25-4ADE-AC7C-112670136DC7}.Debug|Any CPU.Build.0 = Debug|Any CPU
		{0DEC12A7-DA25-4ADE-AC7C-112670136DC7}.Release|Any CPU.ActiveCfg = Release|Any CPU
		{0DEC12A7-DA25-4ADE-AC7C-112670136DC7}.Release|Any CPU.Build.0 = Release|Any CPU
	EndGlobalSection
	GlobalSection(SolutionProperties) = preSolution
		HideSolutionNode = FALSE
	EndGlobalSection
	GlobalSection(ExtensibilityGlobals) = postSolution
		SolutionGuid = {68AD2343-AD95-4D85-83DB-A154256267A1}
	EndGlobalSection
EndGlobal
